
Microsoft Visual Studio Solution File, Format Version 12.00
# Visual Studio Version 17
VisualStudioVersion = 17.3.32901.215
MinimumVisualStudioVersion = 10.0.40219.1
Project("{FAE04EC0-301F-11D3-BF4B-00C04F79EFBC}") = "WindowsFormsApp11", "WindowsFormsApp11\WindowsFormsApp11.csproj", "{5FE809BB-D6B1-4306-897B-8B7164259D30}"
EndProject
Global
	GlobalSection(SolutionConfigurationPlatforms) = preSolution
		Debug|Any CPU = Debug|Any CPU
		Release|Any CPU = Release|Any CPU
	EndGlobalSection
	GlobalSection(ProjectConfigurationPlatforms) = postSolution
		{5FE809BB-D6B1-4306-897B-8B7164259D30}.Debug|Any CPU.ActiveCfg = Debug|Any CPU
		{5FE809BB-D6B1-4306-897B-8B7164259D30}.Debug|Any CPU.Build.0 = Debug|Any CPU
		{5FE809BB-D6B1-4306-897B-8B7164259D30}.Release|Any CPU.ActiveCfg = Release|Any CPU
		{5FE809BB-D6B1-4306-897B-8B7164259D30}.Release|Any CPU.Build.0 = Release|Any CPU
	EndGlobalSection
	GlobalSection(SolutionProperties) = preSolution
		HideSolutionNode = FALSE
	EndGlobalSection
	GlobalSection(ExtensibilityGlobals) = postSolution
		SolutionGuid = {0BF88686-7714-4B8A-A307-E827C6736629}
	EndGlobalSection
EndGlobal
